
Microsoft Visual Studio Solution File, Format Version 12.00
# Visual Studio 15
VisualStudioVersion = 15.0.28307.1000
MinimumVisualStudioVersion = 10.0.40219.1
Project("{FAE04EC0-301F-11D3-BF4B-00C04F79EFBC}") = "TennisGame", "TennisGame\TennisGame.csproj", "{354DE52D-C6D4-428C-BFB4-373135641091}"
EndProject
Global
	GlobalSection(SolutionConfigurationPlatforms) = preSolution
		Debug|Any CPU = Debug|Any CPU
		Release|Any CPU = Release|Any CPU
	EndGlobalSection
	GlobalSection(ProjectConfigurationPlatforms) = postSolution
		{354DE52D-C6D4-428C-BFB4-373135641091}.Debug|Any CPU.ActiveCfg = Debug|Any CPU
		{354DE52D-C6D4-428C-BFB4-373135641091}.Debug|Any CPU.Build.0 = Debug|Any CPU
		{354DE52D-C6D4-428C-BFB4-373135641091}.Release|Any CPU.ActiveCfg = Release|Any CPU
		{354DE52D-C6D4-428C-BFB4-373135641091}.Release|Any CPU.Build.0 = Release|Any CPU
	EndGlobalSection
	GlobalSection(SolutionProperties) = preSolution
		HideSolutionNode = FALSE
	EndGlobalSection
	GlobalSection(ExtensibilityGlobals) = postSolution
		SolutionGuid = {2FA6CAF2-B491-434C-981F-1A64A764305E}
	EndGlobalSection
EndGlobal
